
Microsoft Visual Studio Solution File, Format Version 12.00
# Visual Studio Version 17
VisualStudioVersion = 17.12.35527.113 d17.12
MinimumVisualStudioVersion = 10.0.40219.1
Project("{FAE04EC0-301F-11D3-BF4B-00C04F79EFBC}") = "HTTP-5125-Cumulative2", "HTTP-5125-Cumulative2.csproj", "{A1DD2E77-BFCD-4BA5-A7DF-794633D64A79}"
EndProject
Global
	GlobalSection(SolutionConfigurationPlatforms) = preSolution
		Debug|Any CPU = Debug|Any CPU
		Release|Any CPU = Release|Any CPU
	EndGlobalSection
	GlobalSection(ProjectConfigurationPlatforms) = postSolution
		{A1DD2E77-BFCD-4BA5-A7DF-794633D64A79}.Debug|Any CPU.ActiveCfg = Debug|Any CPU
		{A1DD2E77-BFCD-4BA5-A7DF-794633D64A79}.Debug|Any CPU.Build.0 = Debug|Any CPU
		{A1DD2E77-BFCD-4BA5-A7DF-794633D64A79}.Release|Any CPU.ActiveCfg = Release|Any CPU
		{A1DD2E77-BFCD-4BA5-A7DF-794633D64A79}.Release|Any CPU.Build.0 = Release|Any CPU
	EndGlobalSection
	GlobalSection(SolutionProperties) = preSolution
		HideSolutionNode = FALSE
	EndGlobalSection
EndGlobal
